{
    "_readme": [
        "This file locks the dependencies of your project to a known state",
        "Read more about it at https://getcomposer.org/doc/01-basic-usage.md#installing-dependencies",
        "This file is @generated automatically"
    ],
    "content-hash": "64264cdaa5758380a02115f91db5e7b5",
    "packages": [
        {
            "name": "renfordt/clamp",
            "version": "v1.0.0",
            "source": {
                "type": "git",
                "url": "https://github.com/renfordt/clamp.git",
                "reference": "cf675d028902233dbd7ac29f28ad5b8aa7227f52"
            },
            "dist": {
                "type": "zip",
                "url": "https://api.github.com/repos/renfordt/clamp/zipball/cf675d028902233dbd7ac29f28ad5b8aa7227f52",
                "reference": "cf675d028902233dbd7ac29f28ad5b8aa7227f52",
                "shasum": ""
            },
            "require": {
                "php": "^8.1"
            },
            "require-dev": {
                "phpunit/phpunit": "^10.5"
            },
            "type": "library",
            "autoload": {
                "files": [
                    "src/Clamp.php"
                ]
            },
            "notification-url": "https://packagist.org/downloads/",
            "license": [
                "MIT"
            ],
            "authors": [
                {
                    "name": "Jannik Renfordt",
                    "email": "jannik.renfordt@ikobb.de"
                }
            ],
            "description": "Adds the support of the method clamp() for PHP.",
            "support": {
                "issues": "https://github.com/renfordt/clamp/issues",
                "source": "https://github.com/renfordt/clamp/tree/v1.0.0"
            },
            "time": "2024-04-14T19:39:10+00:00"
        }
    ],
    "packages-dev": [],
    "aliases": [],
    "minimum-stability": "stable",
    "stability-flags": [],
    "prefer-stable": false,
    "prefer-lowest": false,
    "platform": {
        "php": "^8.2"
    },
    "platform-dev": [],
    "plugin-api-version": "2.3.0"
}
